{
  "object": {
    "pins": [
      {
        "package": "ActivityIndicatorView",
        "repositoryURL": "https://github.com/exyte/ActivityIndicatorView.git",
        "state": {
          "branch": null,
          "revision": "04be6321d482f6bce9e3c9412e419831d88a5327",
          "version": "0.0.7"
        }
      },
      {
        "package": "Alamofire",
        "repositoryURL": "https://github.com/Alamofire/Alamofire.git",
        "state": {
          "branch": null,
          "revision": "f96b619bcb2383b43d898402283924b80e2c4bae",
          "version": "5.4.3"
        }
      },
      {
        "package": "ASCollectionView",
        "repositoryURL": "https://github.com/apptekstudios/ASCollectionView",
        "state": {
          "branch": null,
          "revision": "4550cd5b5cfc3f437f8ff838939c6be21edfe992",
          "version": "1.7.1"
        }
      },
      {
        "package": "DifferenceKit",
        "repositoryURL": "https://github.com/ra1028/DifferenceKit",
        "state": {
          "branch": null,
          "revision": "62745d7780deef4a023a792a1f8f763ec7bf9705",
          "version": "1.2.0"
        }
      },
      {
        "package": "KeychainAccess",
        "repositoryURL": "https://github.com/kishikawakatsumi/KeychainAccess",
        "state": {
          "branch": null,
          "revision": "84e546727d66f1adc5439debad16270d0fdd04e7",
          "version": "4.2.2"
        }
      },
      {
        "package": "Logger",
        "repositoryURL": "https://github.com/shibapm/Logger",
        "state": {
          "branch": null,
          "revision": "53c3ecca5abe8cf46697e33901ee774236d94cce",
          "version": "0.2.3"
        }
      },
      {
        "package": "Moya",
        "repositoryURL": "https://github.com/Moya/Moya.git",
        "state": {
          "branch": null,
          "revision": "d27767c3624cc64a45bb371b267b89c92d70c670",
          "version": "14.0.1"
        }
      },
      {
        "package": "Nimble",
        "repositoryURL": "https://github.com/Quick/Nimble.git",
        "state": {
          "branch": null,
          "revision": "7a46a5fc86cb917f69e3daf79fcb045283d8f008",
          "version": "8.1.2"
        }
      },
      {
        "package": "OHHTTPStubs",
        "repositoryURL": "https://github.com/AliSoftware/OHHTTPStubs.git",
        "state": {
          "branch": null,
          "revision": "12f19662426d0434d6c330c6974d53e2eb10ecd9",
          "version": "9.1.0"
        }
      },
      {
        "package": "PackageConfig",
        "repositoryURL": "https://github.com/shibapm/PackageConfig.git",
        "state": {
          "branch": null,
          "revision": "bf90dc69fa0792894b08a0b74cf34029694ae486",
          "version": "0.13.0"
        }
      },
      {
        "package": "Pages",
        "repositoryURL": "https://github.com/nachonavarro/Pages",
        "state": {
          "branch": null,
          "revision": "4cdbe4ff2f9ddbfda8cf0376a2acb678a1a0a0a2",
          "version": "0.1.5"
        }
      },
      {
        "package": "PopupView",
        "repositoryURL": "https://github.com/exyte/PopupView.git",
        "state": {
          "branch": null,
          "revision": "9948c76cfc57b12c87bfd0007ed64a5190cace85",
          "version": "0.0.14"
        }
      },
      {
        "package": "Quick",
        "repositoryURL": "https://github.com/Quick/Quick.git",
        "state": {
          "branch": null,
          "revision": "09b3becb37cb2163919a3842a4c5fa6ec7130792",
          "version": "2.2.1"
        }
      },
      {
        "package": "ReactiveSwift",
        "repositoryURL": "https://github.com/Moya/ReactiveSwift.git",
        "state": {
          "branch": null,
          "revision": "f195d82bb30e412e70446e2b4a77e1b514099e88",
          "version": "6.1.0"
        }
      },
      {
        "package": "Rocket",
        "repositoryURL": "https://github.com/shibapm/Rocket",
        "state": {
          "branch": null,
          "revision": "51a77ce5fa66c42715c14dcc542c01cd7a60fb27",
          "version": "1.2.0"
        }
      },
      {
        "package": "RxSwift",
        "repositoryURL": "https://github.com/ReactiveX/RxSwift.git",
        "state": {
          "branch": null,
          "revision": "cec68169a048a079f461ba203fe85636548d7a89",
          "version": "5.1.3"
        }
      },
      {
        "package": "StepperView",
        "repositoryURL": "https://github.com/badrinathvm/StepperView.git",
        "state": {
          "branch": null,
          "revision": "f320167deaa4aaa9c061a868bc01967758840b76",
          "version": "1.6.6"
        }
      },
      {
        "package": "SwiftLocation",
        "repositoryURL": "https://github.com/malcommac/SwiftLocation.git",
        "state": {
          "branch": null,
          "revision": "f8ec8e97095eb3a5312370ad94b921768217625f",
          "version": "5.1.0"
        }
      },
      {
        "package": "SwiftShell",
        "repositoryURL": "https://github.com/kareman/SwiftShell",
        "state": {
          "branch": null,
          "revision": "a6014fe94c3dbff0ad500e8da4f251a5d336530b",
          "version": "5.1.0-beta.1"
        }
      },
      {
        "package": "Yams",
        "repositoryURL": "https://github.com/jpsim/Yams",
        "state": {
          "branch": null,
          "revision": "9ff1cc9327586db4e0c8f46f064b6a82ec1566fa",
          "version": "4.0.6"
        }
      }
    ]
  },
  "version": 1
}
